
Microsoft Visual Studio Solution File, Format Version 12.00
# Visual Studio Version 17
VisualStudioVersion = 17.1.32319.34
MinimumVisualStudioVersion = 10.0.40219.1
Project("{9A19103F-16F7-4668-BE54-9A1E7A4F7556}") = "RitAutomationTestTask2", "RitAutomationTestTask2\RitAutomationTestTask2.csproj", "{BCFDA59D-CB7F-46F9-B6AF-575436CC0CD1}"
EndProject
Project("{FAE04EC0-301F-11D3-BF4B-00C04F79EFBC}") = "RitAutimationTest2", "RitAutimationTest2\RitAutimationTest2.csproj", "{DF4D1525-BB9F-4CA4-A7FF-4FDC56D4B504}"
EndProject
Global
	GlobalSection(SolutionConfigurationPlatforms) = preSolution
		Debug|Any CPU = Debug|Any CPU
		Release|Any CPU = Release|Any CPU
	EndGlobalSection
	GlobalSection(ProjectConfigurationPlatforms) = postSolution
		{BCFDA59D-CB7F-46F9-B6AF-575436CC0CD1}.Debug|Any CPU.ActiveCfg = Debug|Any CPU
		{BCFDA59D-CB7F-46F9-B6AF-575436CC0CD1}.Debug|Any CPU.Build.0 = Debug|Any CPU
		{BCFDA59D-CB7F-46F9-B6AF-575436CC0CD1}.Release|Any CPU.ActiveCfg = Release|Any CPU
		{BCFDA59D-CB7F-46F9-B6AF-575436CC0CD1}.Release|Any CPU.Build.0 = Release|Any CPU
		{DF4D1525-BB9F-4CA4-A7FF-4FDC56D4B504}.Debug|Any CPU.ActiveCfg = Debug|Any CPU
		{DF4D1525-BB9F-4CA4-A7FF-4FDC56D4B504}.Debug|Any CPU.Build.0 = Debug|Any CPU
		{DF4D1525-BB9F-4CA4-A7FF-4FDC56D4B504}.Release|Any CPU.ActiveCfg = Release|Any CPU
		{DF4D1525-BB9F-4CA4-A7FF-4FDC56D4B504}.Release|Any CPU.Build.0 = Release|Any CPU
	EndGlobalSection
	GlobalSection(SolutionProperties) = preSolution
		HideSolutionNode = FALSE
	EndGlobalSection
	GlobalSection(ExtensibilityGlobals) = postSolution
		SolutionGuid = {A54D1419-CC95-48D7-A6B7-03B283C9A4CA}
	EndGlobalSection
EndGlobal
